
Microsoft Visual Studio Solution File, Format Version 12.00
# Visual Studio 15
VisualStudioVersion = 15.0.27703.2026
MinimumVisualStudioVersion = 10.0.40219.1
Project("{FAE04EC0-301F-11D3-BF4B-00C04F79EFBC}") = "SpecFlowTest", "SpecFlowTest\SpecFlowTest.csproj", "{739E2AB0-538F-422C-A2D5-FD01E41115A7}"
EndProject
Project("{FAE04EC0-301F-11D3-BF4B-00C04F79EFBC}") = "SpecFlowTestProj", "SpecFlowTestProj\SpecFlowTestProj.csproj", "{D265DBAE-71BC-4118-ACE0-49685B424D75}"
EndProject
Project("{FAE04EC0-301F-11D3-BF4B-00C04F79EFBC}") = "Example", "Example\Example.csproj", "{24BDB241-96FB-4CA7-89A6-C8FBBD28925C}"
EndProject
Global
	GlobalSection(SolutionConfigurationPlatforms) = preSolution
		Debug|Any CPU = Debug|Any CPU
		Release|Any CPU = Release|Any CPU
	EndGlobalSection
	GlobalSection(ProjectConfigurationPlatforms) = postSolution
		{739E2AB0-538F-422C-A2D5-FD01E41115A7}.Debug|Any CPU.ActiveCfg = Debug|Any CPU
		{739E2AB0-538F-422C-A2D5-FD01E41115A7}.Debug|Any CPU.Build.0 = Debug|Any CPU
		{739E2AB0-538F-422C-A2D5-FD01E41115A7}.Release|Any CPU.ActiveCfg = Release|Any CPU
		{739E2AB0-538F-422C-A2D5-FD01E41115A7}.Release|Any CPU.Build.0 = Release|Any CPU
		{D265DBAE-71BC-4118-ACE0-49685B424D75}.Debug|Any CPU.ActiveCfg = Debug|Any CPU
		{D265DBAE-71BC-4118-ACE0-49685B424D75}.Debug|Any CPU.Build.0 = Debug|Any CPU
		{D265DBAE-71BC-4118-ACE0-49685B424D75}.Release|Any CPU.ActiveCfg = Release|Any CPU
		{D265DBAE-71BC-4118-ACE0-49685B424D75}.Release|Any CPU.Build.0 = Release|Any CPU
		{24BDB241-96FB-4CA7-89A6-C8FBBD28925C}.Debug|Any CPU.ActiveCfg = Debug|Any CPU
		{24BDB241-96FB-4CA7-89A6-C8FBBD28925C}.Debug|Any CPU.Build.0 = Debug|Any CPU
		{24BDB241-96FB-4CA7-89A6-C8FBBD28925C}.Release|Any CPU.ActiveCfg = Release|Any CPU
		{24BDB241-96FB-4CA7-89A6-C8FBBD28925C}.Release|Any CPU.Build.0 = Release|Any CPU
	EndGlobalSection
	GlobalSection(SolutionProperties) = preSolution
		HideSolutionNode = FALSE
	EndGlobalSection
	GlobalSection(ExtensibilityGlobals) = postSolution
		SolutionGuid = {9D2202DF-F78A-4C0C-8043-6118D73E8369}
	EndGlobalSection
EndGlobal
